hash: 2faaea615e9a8a21cbbdece66726b50773b898784ebb3c0d0dea5271ed682e71
updated: 2016-06-26T19:58:34.020639833+10:00
imports:
- name: github.com/richardlehane/characterize
  version: 65c3af3b37223a3694e454f8ccd2bfe37f0a3ec0
- name: github.com/richardlehane/match
  version: 99984db6ea1ae239eb932b3795e3d389be7fddb5
  subpackages:
  - wac
- name: github.com/richardlehane/mscfb
  version: 31f08312a17a314d13ffd28ae8a51885d2cc19b0
- name: github.com/richardlehane/msoleps
  version: 4cd1b2f6d92e7c429fcedeff31a40bc0532ed96c
  subpackages:
  - types
- name: github.com/richardlehane/webarchive
  version: 18736197b754cd5c883663346882699c3f5f5477
- name: github.com/richardlehane/xmldetect
  version: d96cd89e827673690c9e9f15546eff6dd85f17f1
- name: golang.org/x/image
  version: 97680175a5267bb8b31f1923e7a66df98013b11a
  subpackages:
  - riff
- name: golang.org/x/sys
  version: 62bee037599929a6e9146f29d10dd5208c43507d
  subpackages:
  - unix
- name: golang.org/x/text
  version: 4440cd4f4c2ea31e1872e00de675a86d0c19006c
  subpackages:
  - encoding/charmap
  - encoding
  - encoding/internal
  - encoding/internal/identifier
  - transform
devImports: []
