hash: 2faaea615e9a8a21cbbdece66726b50773b898784ebb3c0d0dea5271ed682e71
updated: 2016-11-22T21:31:04.651894782+11:00
imports:
- name: github.com/richardlehane/characterize
  version: 65c3af3b37223a3694e454f8ccd2bfe37f0a3ec0
- name: github.com/richardlehane/match
  version: 49990455613992d189a57c71e9a04c46522829ca
  subpackages:
  - fwac
  - wac
- name: github.com/richardlehane/mscfb
  version: 5013c8765c1df5f78c2e1d8333fe3e1c48b85d87
- name: github.com/richardlehane/msoleps
  version: 616c65031d126bc15d4ee88c3fcc725af09310f8
  subpackages:
  - types
- name: github.com/richardlehane/webarchive
  version: 9a14e4e40c1e2aa210871018ddf20324d737db75
- name: github.com/richardlehane/xmldetect
  version: d96cd89e827673690c9e9f15546eff6dd85f17f1
- name: golang.org/x/image
  version: d2f07f8aaaa906f1a64eee0e327fc681cdb2944f
  subpackages:
  - riff
- name: golang.org/x/sys
  version: b699b7032584f0953262cb2788a0ca19bb494703
  subpackages:
  - unix
- name: golang.org/x/text
  version: a263ba8db058568bb9beba166777d9c9dbe75d68
  subpackages:
  - encoding
  - encoding/charmap
  - encoding/internal
  - encoding/internal/identifier
  - transform
testImports: []
