hash: 2faaea615e9a8a21cbbdece66726b50773b898784ebb3c0d0dea5271ed682e71
updated: 2016-08-18T21:25:01.213892453+10:00
imports:
- name: github.com/richardlehane/characterize
  version: 65c3af3b37223a3694e454f8ccd2bfe37f0a3ec0
- name: github.com/richardlehane/match
  version: 5a1e4b22375cd71894aff9f07d3c04042480ae2a
  subpackages:
  - wac
- name: github.com/richardlehane/mscfb
  version: e6200048a572183cd2743c492bf4c082ae41bebd
- name: github.com/richardlehane/msoleps
  version: 9c861828737207430037b6e1b313798518c97831
  subpackages:
  - types
- name: github.com/richardlehane/webarchive
  version: 18736197b754cd5c883663346882699c3f5f5477
- name: github.com/richardlehane/xmldetect
  version: d96cd89e827673690c9e9f15546eff6dd85f17f1
- name: golang.org/x/image
  version: 9f8d0d45877da31f672995d10677ae6a586e31a5
  subpackages:
  - riff
- name: golang.org/x/sys
  version: a646d33e2ee3172a661fc09bca23bb4889a41bc8
  subpackages:
  - unix
- name: golang.org/x/text
  version: d69c40b4be55797923cec7457fac7a244d91a9b6
  subpackages:
  - encoding/charmap
  - encoding
  - encoding/internal
  - encoding/internal/identifier
  - transform
testImports: []
