github.com/richardlehane/characterize v1.0.0 h1:2MMnKFqYd+hsKpQrPkc5JjbcIzVBIfvSoaMd563GOj0=
github.com/richardlehane/characterize v1.0.0/go.mod h1:9mhxzxtWkXoLQpkg+gt7ioK6//+3hrsv3VHkbj8kbuQ=
github.com/richardlehane/match v1.0.2 h1:fWTlubvGpci2GFuDcEVvokmTTqn6Pk/GJq7W27i/9yU=
github.com/richardlehane/match v1.0.2/go.mod h1:Vbb1gPhiebfU8sCtwqWzZrXcc13r9HrVkInLhIQDe+E=
github.com/richardlehane/match v1.0.3 h1:oEjb5myV1johgi9NGXV1xp7caAlhqLi0PqFvnKhTR1Y=
github.com/richardlehane/match v1.0.3/go.mod h1:Vz0T28BYeZrU9h54iHnyjDfhVlKvn7XB7smnVripJME=
github.com/richardlehane/match v1.0.4 h1:sUgOoSRcLZWJIvw6JT23xMXDgoeO+r26lBbfw15LNBE=
github.com/richardlehane/match v1.0.4/go.mod h1:Vz0T28BYeZrU9h54iHnyjDfhVlKvn7XB7smnVripJME=
github.com/richardlehane/mscfb v1.0.4 h1:WULscsljNPConisD5hR0+OyZjwK46Pfyr6mPu5ZawpM=
github.com/richardlehane/mscfb v1.0.4/go.mod h1:YzVpcZg9czvAuhk9T+a3avCpcFPMUWm7gK3DypaEsUk=
github.com/richardlehane/msoleps v1.0.1/go.mod h1:BWev5JBpU9Ko2WAgmZEuiz4/u3ZYTKbjLycmwiWUfWg=
github.com/richardlehane/msoleps v1.0.3 h1:aznSZzrwYRl3rLKRT3gUk9am7T/mLNSnJINvN0AQoVM=
github.com/richardlehane/msoleps v1.0.3/go.mod h1:BWev5JBpU9Ko2WAgmZEuiz4/u3ZYTKbjLycmwiWUfWg=
github.com/richardlehane/siegfried v1.7.11/go.mod h1:lJYAjU5blwkdXfW5NRldnJTwCTZ03py89hBzTPGUy/I=
github.com/richardlehane/webarchive v1.0.0 h1:RnmjrTFzNoenSypXrIFW0dvw8Isytv5z0Nf44dN1ktQ=
github.com/richardlehane/webarchive v1.0.0/go.mod h1:R+J0ocBfFb0A3vzwXZwrYoPe69PJLEejLzFL5ceDroM=
github.com/richardlehane/xmldetect v1.0.2 h1:/3ooFuJwtgpMMe14/7m8a/JIvECMx6SpsPcDRiNyR8o=
github.com/richardlehane/xmldetect v1.0.2/go.mod h1:Zp1lhTLRJa2p2QKA4jOruVQYc0NFQDO0YUz3k/k6JcE=
github.com/ross-spencer/spargo v0.4.1 h1:+a570tI+az8j/s0+06mntNqwsJ7DXuq7PESUIXlKie8=
github.com/ross-spencer/spargo v0.4.1/go.mod h1:szEHC5cu+q6g0RD7otV7xvYGb+fQVYj1/SkiVTr4IC4=
github.com/ross-spencer/wikiprov v0.2.0 h1:I0RAdlgVW5z2sMk/vAPS5cXTbIsMNAnYEIAS+CZ4urE=
github.com/ross-spencer/wikiprov v0.2.0/go.mod h1:a7GkJgwKK3D2DlrGindbHR2VciEbHHCl6fFAKaiRhVI=
golang.org/x/image v0.0.0-20220902085622-e7cb96979f69 h1:Lj6HJGCSn5AjxRAH2+r35Mir4icalbqku+CLUtjnvXY=
golang.org/x/image v0.0.0-20220902085622-e7cb96979f69/go.mod h1:doUCurBvlfPMKfmIpRIywoHmhN3VyhnoFDbvIEWF4hY=
golang.org/x/sys v0.0.0-20190222171317-cd391775e71e/go.mod h1:STP8DvDyc/dI5b8T5hshtkjS+E42TnysNCUPdjciGhY=
golang.org/x/sys v0.0.0-20220909162455-aba9fc2a8ff2 h1:wM1k/lXfpc5HdkJJyW9GELpd8ERGdnh8sMGL6Gzq3Ho=
golang.org/x/sys v0.0.0-20220909162455-aba9fc2a8ff2/go.mod h1:oPkhp1MJrh7nUepCBck5+mAzfO9JrbApNNgaTdGDITg=
golang.org/x/text v0.3.0/go.mod h1:NqM8EUOU14njkJ3fqMW+pc6Ldnwhi/IjpwHt7yyuwOQ=
golang.org/x/text v0.3.7 h1:olpwvP2KacW1ZWvsR7uQhoyTYvKAupfQrRGBFM352Gk=
golang.org/x/text v0.3.7/go.mod h1:u+2+/6zg+i71rQMx5EYifcz6MCKuco9NR6JIITiCfzQ=
golang.org/x/tools v0.0.0-20180917221912-90fa682c2a6e/go.mod h1:n7NCudcB/nEzxVGmLbDWY5pfWTLqBcC2KZ6jyYvM4mQ=
